// !$*UTF8*$!
{
	archiveVersion = 1;
	classes = {
	};
	objectVersion = 77;
	objects = {

/* Begin PBXContainerItemProxy section */
		154716482E3F5B5100787151 /* PBXContainerItemProxy */ = {
			isa = PBXContainerItemProxy;
			containerPortal = 154921832E3E93010025CFB4 /* Project object */;
			proxyType = 1;
			remoteGlobalIDString = 1547163A2E3F5B5000787151;
			remoteInfo = EisenhowerMatrixApp_iOS;
		};
		154716522E3F5B5100787151 /* PBXContainerItemProxy */ = {
			isa = PBXContainerItemProxy;
			containerPortal = 154921832E3E93010025CFB4 /* Project object */;
			proxyType = 1;
			remoteGlobalIDString = 1547163A2E3F5B5000787151;
			remoteInfo = EisenhowerMatrixApp_iOS;
		};
		1549219A2E3E93020025CFB4 /* PBXContainerItemProxy */ = {
			isa = PBXContainerItemProxy;
			containerPortal = 154921832E3E93010025CFB4 /* Project object */;
			proxyType = 1;
			remoteGlobalIDString = 1549218A2E3E93010025CFB4;
			remoteInfo = EisenhowerMatrixApp;
		};
		154921A42E3E93020025CFB4 /* PBXContainerItemProxy */ = {
			isa = PBXContainerItemProxy;
			containerPortal = 154921832E3E93010025CFB4 /* Project object */;
			proxyType = 1;
			remoteGlobalIDString = 1549218A2E3E93010025CFB4;
			remoteInfo = EisenhowerMatrixApp;
		};
/* End PBXContainerItemProxy section */

/* Begin PBXFileReference section */
		1547163B2E3F5B5000787151 /* EisenhowerMatrixApp_iOS.app */ = {isa = PBXFileReference; explicitFileType = wrapper.application; includeInIndex = 0; path = EisenhowerMatrixApp_iOS.app; sourceTree = BUILT_PRODUCTS_DIR; };
		154716472E3F5B5100787151 /* EisenhowerMatrixApp_iOSTests.xctest */ = {isa = PBXFileReference; explicitFileType = wrapper.cfbundle; includeInIndex = 0; path = EisenhowerMatrixApp_iOSTests.xctest; sourceTree = BUILT_PRODUCTS_DIR; };
		154716512E3F5B5100787151 /* EisenhowerMatrixApp_iOSUITests.xctest */ = {isa = PBXFileReference; explicitFileType = wrapper.cfbundle; includeInIndex = 0; path = EisenhowerMatrixApp_iOSUITests.xctest; sourceTree = BUILT_PRODUCTS_DIR; };
		1549218B2E3E93010025CFB4 /* EisenhowerMatrixApp.app */ = {isa = PBXFileReference; explicitFileType = wrapper.application; includeInIndex = 0; path = EisenhowerMatrixApp.app; sourceTree = BUILT_PRODUCTS_DIR; };
		154921992E3E93020025CFB4 /* EisenhowerMatrixAppTests.xctest */ = {isa = PBXFileReference; explicitFileType = wrapper.cfbundle; includeInIndex = 0; path = EisenhowerMatrixAppTests.xctest; sourceTree = BUILT_PRODUCTS_DIR; };
		154921A32E3E93020025CFB4 /* EisenhowerMatrixAppUITests.xctest */ = {isa = PBXFileReference; explicitFileType = wrapper.cfbundle; includeInIndex = 0; path = EisenhowerMatrixAppUITests.xctest; sourceTree = BUILT_PRODUCTS_DIR; };
/* End PBXFileReference section */

/* Begin PBXFileSystemSynchronizedRootGroup section */
		1547163C2E3F5B5100787151 /* EisenhowerMatrixApp_iOS */ = {
			isa = PBXFileSystemSynchronizedRootGroup;
			path = EisenhowerMatrixApp_iOS;
			sourceTree = "<group>";
		};
		1547164A2E3F5B5100787151 /* EisenhowerMatrixApp_iOSTests */ = {
			isa = PBXFileSystemSynchronizedRootGroup;
			path = EisenhowerMatrixApp_iOSTests;
			sourceTree = "<group>";
		};
		154716542E3F5B5100787151 /* EisenhowerMatrixApp_iOSUITests */ = {
			isa = PBXFileSystemSynchronizedRootGroup;
			path = EisenhowerMatrixApp_iOSUITests;
			sourceTree = "<group>";
		};
		1549218D2E3E93010025CFB4 /* EisenhowerMatrixApp */ = {
			isa = PBXFileSystemSynchronizedRootGroup;
			path = EisenhowerMatrixApp;
			sourceTree = "<group>";
		};
		1549219C2E3E93020025CFB4 /* EisenhowerMatrixAppTests */ = {
			isa = PBXFileSystemSynchronizedRootGroup;
			path = EisenhowerMatrixAppTests;
			sourceTree = "<group>";
		};
		154921A62E3E93020025CFB4 /* EisenhowerMatrixAppUITests */ = {
			isa = PBXFileSystemSynchronizedRootGroup;
			path = EisenhowerMatrixAppUITests;
			sourceTree = "<group>";
		};
/* End PBXFileSystemSynchronizedRootGroup section */

/* Begin PBXFrameworksBuildPhase section */
		154716382E3F5B5000787151 /* Frameworks */ = {
			isa = PBXFrameworksBuildPhase;
			buildActionMask = 2147483647;
			files = (
			);
			runOnlyForDeploymentPostprocessing = 0;
		};
		154716442E3F5B5100787151 /* Frameworks */ = {
			isa = PBXFrameworksBuildPhase;
			buildActionMask = 2147483647;
			files = (
			);
			runOnlyForDeploymentPostprocessing = 0;
		};
		1547164E2E3F5B5100787151 /* Frameworks */ = {
			isa = PBXFrameworksBuildPhase;
			buildActionMask = 2147483647;
			files = (
			);
			runOnlyForDeploymentPostprocessing = 0;
		};
		154921882E3E93010025CFB4 /* Frameworks */ = {
			isa = PBXFrameworksBuildPhase;
			buildActionMask = 2147483647;
			files = (
			);
			runOnlyForDeploymentPostprocessing = 0;
		};
		154921962E3E93020025CFB4 /* Frameworks */ = {
			isa = PBXFrameworksBuildPhase;
			buildActionMask = 2147483647;
			files = (
			);
			runOnlyForDeploymentPostprocessing = 0;
		};
		154921A02E3E93020025CFB4 /* Frameworks */ = {
			isa = PBXFrameworksBuildPhase;
			buildActionMask = 2147483647;
			files = (
			);
			runOnlyForDeploymentPostprocessing = 0;
		};
/* End PBXFrameworksBuildPhase section */

/* Begin PBXGroup section */
		154921822E3E93010025CFB4 = {
			isa = PBXGroup;
			children = (
				1549218D2E3E93010025CFB4 /* EisenhowerMatrixApp */,
				1549219C2E3E93020025CFB4 /* EisenhowerMatrixAppTests */,
				154921A62E3E93020025CFB4 /* EisenhowerMatrixAppUITests */,
				1547163C2E3F5B5100787151 /* EisenhowerMatrixApp_iOS */,
				1547164A2E3F5B5100787151 /* EisenhowerMatrixApp_iOSTests */,
				154716542E3F5B5100787151 /* EisenhowerMatrixApp_iOSUITests */,
				1549218C2E3E93010025CFB4 /* Products */,
			);
			sourceTree = "<group>";
		};
		1549218C2E3E93010025CFB4 /* Products */ = {
			isa = PBXGroup;
			children = (
				1549218B2E3E93010025CFB4 /* EisenhowerMatrixApp.app */,
				154921992E3E93020025CFB4 /* EisenhowerMatrixAppTests.xctest */,
				154921A32E3E93020025CFB4 /* EisenhowerMatrixAppUITests.xctest */,
				1547163B2E3F5B5000787151 /* EisenhowerMatrixApp_iOS.app */,
				154716472E3F5B5100787151 /* EisenhowerMatrixApp_iOSTests.xctest */,
				154716512E3F5B5100787151 /* EisenhowerMatrixApp_iOSUITests.xctest */,
			);
			name = Products;
			sourceTree = "<group>";
		};
/* End PBXGroup section */

/* Begin PBXNativeTarget section */
		1547163A2E3F5B5000787151 /* EisenhowerMatrixApp_iOS */ = {
			isa = PBXNativeTarget;
			buildConfigurationList = 154716592E3F5B5100787151 /* Build configuration list for PBXNativeTarget "EisenhowerMatrixApp_iOS" */;
			buildPhases = (
				154716372E3F5B5000787151 /* Sources */,
				154716382E3F5B5000787151 /* Frameworks */,
				154716392E3F5B5000787151 /* Resources */,
			);
			buildRules = (
			);
			dependencies = (
			);
			fileSystemSynchronizedGroups = (
				1547163C2E3F5B5100787151 /* EisenhowerMatrixApp_iOS */,
			);
			name = EisenhowerMatrixApp_iOS;
			packageProductDependencies = (
			);
			productName = EisenhowerMatrixApp_iOS;
			productReference = 1547163B2E3F5B5000787151 /* EisenhowerMatrixApp_iOS.app */;
			productType = "com.apple.product-type.application";
		};
		154716462E3F5B5100787151 /* EisenhowerMatrixApp_iOSTests */ = {
			isa = PBXNativeTarget;
			buildConfigurationList = 1547165C2E3F5B5100787151 /* Build configuration list for PBXNativeTarget "EisenhowerMatrixApp_iOSTests" */;
			buildPhases = (
				154716432E3F5B5100787151 /* Sources */,
				154716442E3F5B5100787151 /* Frameworks */,
				154716452E3F5B5100787151 /* Resources */,
			);
			buildRules = (
			);
			dependencies = (
				154716492E3F5B5100787151 /* PBXTargetDependency */,
			);
			fileSystemSynchronizedGroups = (
				1547164A2E3F5B5100787151 /* EisenhowerMatrixApp_iOSTests */,
			);
			name = EisenhowerMatrixApp_iOSTests;
			packageProductDependencies = (
			);
			productName = EisenhowerMatrixApp_iOSTests;
			productReference = 154716472E3F5B5100787151 /* EisenhowerMatrixApp_iOSTests.xctest */;
			productType = "com.apple.product-type.bundle.unit-test";
		};
		154716502E3F5B5100787151 /* EisenhowerMatrixApp_iOSUITests */ = {
			isa = PBXNativeTarget;
			buildConfigurationList = 1547165F2E3F5B5100787151 /* Build configuration list for PBXNativeTarget "EisenhowerMatrixApp_iOSUITests" */;
			buildPhases = (
				1547164D2E3F5B5100787151 /* Sources */,
				1547164E2E3F5B5100787151 /* Frameworks */,
				1547164F2E3F5B5100787151 /* Resources */,
			);
			buildRules = (
			);
			dependencies = (
				154716532E3F5B5100787151 /* PBXTargetDependency */,
			);
			fileSystemSynchronizedGroups = (
				154716542E3F5B5100787151 /* EisenhowerMatrixApp_iOSUITests */,
			);
			name = EisenhowerMatrixApp_iOSUITests;
			packageProductDependencies = (
			);
			productName = EisenhowerMatrixApp_iOSUITests;
			productReference = 154716512E3F5B5100787151 /* EisenhowerMatrixApp_iOSUITests.xctest */;
			productType = "com.apple.product-type.bundle.ui-testing";
		};
		1549218A2E3E93010025CFB4 /* EisenhowerMatrixApp */ = {
			isa = PBXNativeTarget;
			buildConfigurationList = 154921AD2E3E93020025CFB4 /* Build configuration list for PBXNativeTarget "EisenhowerMatrixApp" */;
			buildPhases = (
				154921872E3E93010025CFB4 /* Sources */,
				154921882E3E93010025CFB4 /* Frameworks */,
				154921892E3E93010025CFB4 /* Resources */,
			);
			buildRules = (
			);
			dependencies = (
			);
			fileSystemSynchronizedGroups = (
				1549218D2E3E93010025CFB4 /* EisenhowerMatrixApp */,
			);
			name = EisenhowerMatrixApp;
			packageProductDependencies = (
			);
			productName = EisenhowerMatrixApp;
			productReference = 1549218B2E3E93010025CFB4 /* EisenhowerMatrixApp.app */;
			productType = "com.apple.product-type.application";
		};
		154921982E3E93020025CFB4 /* EisenhowerMatrixAppTests */ = {
			isa = PBXNativeTarget;
			buildConfigurationList = 154921B02E3E93020025CFB4 /* Build configuration list for PBXNativeTarget "EisenhowerMatrixAppTests" */;
			buildPhases = (
				154921952E3E93020025CFB4 /* Sources */,
				154921962E3E93020025CFB4 /* Frameworks */,
				154921972E3E93020025CFB4 /* Resources */,
			);
			buildRules = (
			);
			dependencies = (
				1549219B2E3E93020025CFB4 /* PBXTargetDependency */,
			);
			fileSystemSynchronizedGroups = (
				1549219C2E3E93020025CFB4 /* EisenhowerMatrixAppTests */,
			);
			name = EisenhowerMatrixAppTests;
			packageProductDependencies = (
			);
			productName = EisenhowerMatrixAppTests;
			productReference = 154921992E3E93020025CFB4 /* EisenhowerMatrixAppTests.xctest */;
			productType = "com.apple.product-type.bundle.unit-test";
		};
		154921A22E3E93020025CFB4 /* EisenhowerMatrixAppUITests */ = {
			isa = PBXNativeTarget;
			buildConfigurationList = 154921B32E3E93020025CFB4 /* Build configuration list for PBXNativeTarget "EisenhowerMatrixAppUITests" */;
			buildPhases = (
				1549219F2E3E93020025CFB4 /* Sources */,
				154921A02E3E93020025CFB4 /* Frameworks */,
				154921A12E3E93020025CFB4 /* Resources */,
			);
			buildRules = (
			);
			dependencies = (
				154921A52E3E93020025CFB4 /* PBXTargetDependency */,
			);
			fileSystemSynchronizedGroups = (
				154921A62E3E93020025CFB4 /* EisenhowerMatrixAppUITests */,
			);
			name = EisenhowerMatrixAppUITests;
			packageProductDependencies = (
			);
			productName = EisenhowerMatrixAppUITests;
			productReference = 154921A32E3E93020025CFB4 /* EisenhowerMatrixAppUITests.xctest */;
			productType = "com.apple.product-type.bundle.ui-testing";
		};
/* End PBXNativeTarget section */

/* Begin PBXProject section */
		154921832E3E93010025CFB4 /* Project object */ = {
			isa = PBXProject;
			attributes = {
				BuildIndependentTargetsInParallel = 1;
				LastSwiftUpdateCheck = 1640;
				LastUpgradeCheck = 1640;
				TargetAttributes = {
					1547163A2E3F5B5000787151 = {
						CreatedOnToolsVersion = 16.4;
					};
					154716462E3F5B5100787151 = {
						CreatedOnToolsVersion = 16.4;
						TestTargetID = 1547163A2E3F5B5000787151;
					};
					154716502E3F5B5100787151 = {
						CreatedOnToolsVersion = 16.4;
						TestTargetID = 1547163A2E3F5B5000787151;
					};
					1549218A2E3E93010025CFB4 = {
						CreatedOnToolsVersion = 16.4;
					};
					154921982E3E93020025CFB4 = {
						CreatedOnToolsVersion = 16.4;
						TestTargetID = 1549218A2E3E93010025CFB4;
					};
					154921A22E3E93020025CFB4 = {
						CreatedOnToolsVersion = 16.4;
						TestTargetID = 1549218A2E3E93010025CFB4;
					};
				};
			};
			buildConfigurationList = 154921862E3E93010025CFB4 /* Build configuration list for PBXProject "EisenhowerMatrixApp" */;
			developmentRegion = en;
			hasScannedForEncodings = 0;
			knownRegions = (
				en,
				Base,
			);
			mainGroup = 154921822E3E93010025CFB4;
			minimizedProjectReferenceProxies = 1;
			preferredProjectObjectVersion = 77;
			productRefGroup = 1549218C2E3E93010025CFB4 /* Products */;
			projectDirPath = "";
			projectRoot = "";
			targets = (
				1549218A2E3E93010025CFB4 /* EisenhowerMatrixApp */,
				154921982E3E93020025CFB4 /* EisenhowerMatrixAppTests */,
				154921A22E3E93020025CFB4 /* EisenhowerMatrixAppUITests */,
				1547163A2E3F5B5000787151 /* EisenhowerMatrixApp_iOS */,
				154716462E3F5B5100787151 /* EisenhowerMatrixApp_iOSTests */,
				154716502E3F5B5100787151 /* EisenhowerMatrixApp_iOSUITests */,
			);
		};
/* End PBXProject section */

/* Begin PBXResourcesBuildPhase section */
		154716392E3F5B5000787151 /* Resources */ = {
			isa = PBXResourcesBuildPhase;
			buildActionMask = 2147483647;
			files = (
			);
			runOnlyForDeploymentPostprocessing = 0;
		};
		154716452E3F5B5100787151 /* Resources */ = {
			isa = PBXResourcesBuildPhase;
			buildActionMask = 2147483647;
			files = (
			);
			runOnlyForDeploymentPostprocessing = 0;
		};
		1547164F2E3F5B5100787151 /* Resources */ = {
			isa = PBXResourcesBuildPhase;
			buildActionMask = 2147483647;
			files = (
			);
			runOnlyForDeploymentPostprocessing = 0;
		};
		154921892E3E93010025CFB4 /* Resources */ = {
			isa = PBXResourcesBuildPhase;
			buildActionMask = 2147483647;
			files = (
			);
			runOnlyForDeploymentPostprocessing = 0;
		};
		154921972E3E93020025CFB4 /* Resources */ = {
			isa = PBXResourcesBuildPhase;
			buildActionMask = 2147483647;
			files = (
			);
			runOnlyForDeploymentPostprocessing = 0;
		};
		154921A12E3E93020025CFB4 /* Resources */ = {
			isa = PBXResourcesBuildPhase;
			buildActionMask = 2147483647;
			files = (
			);
			runOnlyForDeploymentPostprocessing = 0;
		};
/* End PBXResourcesBuildPhase section */

/* Begin PBXSourcesBuildPhase section */
		154716372E3F5B5000787151 /* Sources */ = {
			isa = PBXSourcesBuildPhase;
			buildActionMask = 2147483647;
			files = (
			);
			runOnlyForDeploymentPostprocessing = 0;
		};
		154716432E3F5B5100787151 /* Sources */ = {
			isa = PBXSourcesBuildPhase;
			buildActionMask = 2147483647;
			files = (
			);
			runOnlyForDeploymentPostprocessing = 0;
		};
		1547164D2E3F5B5100787151 /* Sources */ = {
			isa = PBXSourcesBuildPhase;
			buildActionMask = 2147483647;
			files = (
			);
			runOnlyForDeploymentPostprocessing = 0;
		};
		154921872E3E93010025CFB4 /* Sources */ = {
			isa = PBXSourcesBuildPhase;
			buildActionMask = 2147483647;
			files = (
			);
			runOnlyForDeploymentPostprocessing = 0;
		};
		154921952E3E93020025CFB4 /* Sources */ = {
			isa = PBXSourcesBuildPhase;
			buildActionMask = 2147483647;
			files = (
			);
			runOnlyForDeploymentPostprocessing = 0;
		};
		1549219F2E3E93020025CFB4 /* Sources */ = {
			isa = PBXSourcesBuildPhase;
			buildActionMask = 2147483647;
			files = (
			);
			runOnlyForDeploymentPostprocessing = 0;
		};
/* End PBXSourcesBuildPhase section */

/* Begin PBXTargetDependency section */
		154716492E3F5B5100787151 /* PBXTargetDependency */ = {
			isa = PBXTargetDependency;
			target = 1547163A2E3F5B5000787151 /* EisenhowerMatrixApp_iOS */;
			targetProxy = 154716482E3F5B5100787151 /* PBXContainerItemProxy */;
		};
		154716532E3F5B5100787151 /* PBXTargetDependency */ = {
			isa = PBXTargetDependency;
			target = 1547163A2E3F5B5000787151 /* EisenhowerMatrixApp_iOS */;
			targetProxy = 154716522E3F5B5100787151 /* PBXContainerItemProxy */;
		};
		1549219B2E3E93020025CFB4 /* PBXTargetDependency */ = {
			isa = PBXTargetDependency;
			target = 1549218A2E3E93010025CFB4 /* EisenhowerMatrixApp */;
			targetProxy = 1549219A2E3E93020025CFB4 /* PBXContainerItemProxy */;
		};
		154921A52E3E93020025CFB4 /* PBXTargetDependency */ = {
			isa = PBXTargetDependency;
			target = 1549218A2E3E93010025CFB4 /* EisenhowerMatrixApp */;
			targetProxy = 154921A42E3E93020025CFB4 /* PBXContainerItemProxy */;
		};
/* End PBXTargetDependency section */

/* Begin XCBuildConfiguration section */
		1547165A2E3F5B5100787151 /* Debug */ = {
			isa = XCBuildConfiguration;
			buildSettings = {
				ASSETCATALOG_COMPILER_APPICON_NAME = AppIcon;
				ASSETCATALOG_COMPILER_GLOBAL_ACCENT_COLOR_NAME = AccentColor;
				CODE_SIGN_STYLE = Automatic;
				CURRENT_PROJECT_VERSION = 1;
				ENABLE_PREVIEWS = YES;
				GENERATE_INFOPLIST_FILE = YES;
				INFOPLIST_KEY_UIApplicationSceneManifest_Generation = YES;
				INFOPLIST_KEY_UIApplicationSupportsIndirectInputEvents = YES;
				INFOPLIST_KEY_UILaunchScreen_Generation = YES;
				INFOPLIST_KEY_UISupportedInterfaceOrientations_iPad = "UIInterfaceOrientationPortrait UIInterfaceOrientationPortraitUpsideDown UIInterfaceOrientationLandscapeLeft UIInterfaceOrientationLandscapeRight";
				INFOPLIST_KEY_UISupportedInterfaceOrientations_iPhone = "UIInterfaceOrientationPortrait UIInterfaceOrientationLandscapeLeft UIInterfaceOrientationLandscapeRight";
				IPHONEOS_DEPLOYMENT_TARGET = 18.5;
				LD_RUNPATH_SEARCH_PATHS = (
					"$(inherited)",
					"@executable_path/Frameworks",
				);
				MARKETING_VERSION = 1.0;
				PRODUCT_BUNDLE_IDENTIFIER = "com.gauravaryal.EisenhowerMatrixApp-iOS";
				PRODUCT_NAME = "$(TARGET_NAME)";
				SDKROOT = iphoneos;
				SWIFT_EMIT_LOC_STRINGS = YES;
				SWIFT_VERSION = 5.0;
				TARGETED_DEVICE_FAMILY = "1,2";
			};
			name = Debug;
		};
		1547165B2E3F5B5100787151 /* Release */ = {
			isa = XCBuildConfiguration;
			buildSettings = {
				ASSETCATALOG_COMPILER_APPICON_NAME = AppIcon;
				ASSETCATALOG_COMPILER_GLOBAL_ACCENT_COLOR_NAME = AccentColor;
				CODE_SIGN_STYLE = Automatic;
				CURRENT_PROJECT_VERSION = 1;
				ENABLE_PREVIEWS = YES;
				GENERATE_INFOPLIST_FILE = YES;
				INFOPLIST_KEY_UIApplicationSceneManifest_Generation = YES;
				INFOPLIST_KEY_UIApplicationSupportsIndirectInputEvents = YES;
				INFOPLIST_KEY_UILaunchScreen_Generation = YES;
				INFOPLIST_KEY_UISupportedInterfaceOrientations_iPad = "UIInterfaceOrientationPortrait UIInterfaceOrientationPortraitUpsideDown UIInterfaceOrientationLandscapeLeft UIInterfaceOrientationLandscapeRight";
				INFOPLIST_KEY_UISupportedInterfaceOrientations_iPhone = "UIInterfaceOrientationPortrait UIInterfaceOrientationLandscapeLeft UIInterfaceOrientationLandscapeRight";
				IPHONEOS_DEPLOYMENT_TARGET = 18.5;
				LD_RUNPATH_SEARCH_PATHS = (
					"$(inherited)",
					"@executable_path/Frameworks",
				);
				MARKETING_VERSION = 1.0;
				PRODUCT_BUNDLE_IDENTIFIER = "com.gauravaryal.EisenhowerMatrixApp-iOS";
				PRODUCT_NAME = "$(TARGET_NAME)";
				SDKROOT = iphoneos;
				SWIFT_EMIT_LOC_STRINGS = YES;
				SWIFT_VERSION = 5.0;
				TARGETED_DEVICE_FAMILY = "1,2";
				VALIDATE_PRODUCT = YES;
			};
			name = Release;
		};
		1547165D2E3F5B5100787151 /* Debug */ = {
			isa = XCBuildConfiguration;
			buildSettings = {
				BUNDLE_LOADER = "$(TEST_HOST)";
				CODE_SIGN_STYLE = Automatic;
				CURRENT_PROJECT_VERSION = 1;
				GENERATE_INFOPLIST_FILE = YES;
				IPHONEOS_DEPLOYMENT_TARGET = 18.5;
				MARKETING_VERSION = 1.0;
				PRODUCT_BUNDLE_IDENTIFIER = "com.gauravaryal.EisenhowerMatrixApp-iOSTests";
				PRODUCT_NAME = "$(TARGET_NAME)";
				SDKROOT = iphoneos;
				SWIFT_EMIT_LOC_STRINGS = NO;
				SWIFT_VERSION = 5.0;
				TARGETED_DEVICE_FAMILY = "1,2";
				TEST_HOST = "$(BUILT_PRODUCTS_DIR)/EisenhowerMatrixApp_iOS.app/$(BUNDLE_EXECUTABLE_FOLDER_PATH)/EisenhowerMatrixApp_iOS";
			};
			name = Debug;
		};
		1547165E2E3F5B5100787151 /* Release */ = {
			isa = XCBuildConfiguration;
			buildSettings = {
				BUNDLE_LOADER = "$(TEST_HOST)";
				CODE_SIGN_STYLE = Automatic;
				CURRENT_PROJECT_VERSION = 1;
				GENERATE_INFOPLIST_FILE = YES;
				IPHONEOS_DEPLOYMENT_TARGET = 18.5;
				MARKETING_VERSION = 1.0;
				PRODUCT_BUNDLE_IDENTIFIER = "com.gauravaryal.EisenhowerMatrixApp-iOSTests";
				PRODUCT_NAME = "$(TARGET_NAME)";
				SDKROOT = iphoneos;
				SWIFT_EMIT_LOC_STRINGS = NO;
				SWIFT_VERSION = 5.0;
				TARGETED_DEVICE_FAMILY = "1,2";
				TEST_HOST = "$(BUILT_PRODUCTS_DIR)/EisenhowerMatrixApp_iOS.app/$(BUNDLE_EXECUTABLE_FOLDER_PATH)/EisenhowerMatrixApp_iOS";
				VALIDATE_PRODUCT = YES;
			};
			name = Release;
		};
		154716602E3F5B5100787151 /* Debug */ = {
			isa = XCBuildConfiguration;
			buildSettings = {
				CODE_SIGN_STYLE = Automatic;
				CURRENT_PROJECT_VERSION = 1;
				GENERATE_INFOPLIST_FILE = YES;
				IPHONEOS_DEPLOYMENT_TARGET = 18.5;
				MARKETING_VERSION = 1.0;
				PRODUCT_BUNDLE_IDENTIFIER = "com.gauravaryal.EisenhowerMatrixApp-iOSUITests";
				PRODUCT_NAME = "$(TARGET_NAME)";
				SDKROOT = iphoneos;
				SWIFT_EMIT_LOC_STRINGS = NO;
				SWIFT_VERSION = 5.0;
				TARGETED_DEVICE_FAMILY = "1,2";
				TEST_TARGET_NAME = EisenhowerMatrixApp_iOS;
			};
			name = Debug;
		};
		154716612E3F5B5100787151 /* Release */ = {
			isa = XCBuildConfiguration;
			buildSettings = {
				CODE_SIGN_STYLE = Automatic;
				CURRENT_PROJECT_VERSION = 1;
				GENERATE_INFOPLIST_FILE = YES;
				IPHONEOS_DEPLOYMENT_TARGET = 18.5;
				MARKETING_VERSION = 1.0;
				PRODUCT_BUNDLE_IDENTIFIER = "com.gauravaryal.EisenhowerMatrixApp-iOSUITests";
				PRODUCT_NAME = "$(TARGET_NAME)";
				SDKROOT = iphoneos;
				SWIFT_EMIT_LOC_STRINGS = NO;
				SWIFT_VERSION = 5.0;
				TARGETED_DEVICE_FAMILY = "1,2";
				TEST_TARGET_NAME = EisenhowerMatrixApp_iOS;
				VALIDATE_PRODUCT = YES;
			};
			name = Release;
		};
		154921AB2E3E93020025CFB4 /* Debug */ = {
			isa = XCBuildConfiguration;
			buildSettings = {
				ALWAYS_SEARCH_USER_PATHS = NO;
				ASSETCATALOG_COMPILER_GENERATE_SWIFT_ASSET_SYMBOL_EXTENSIONS = YES;
				CLANG_ANALYZER_NONNULL = YES;
				CLANG_ANALYZER_NUMBER_OBJECT_CONVERSION = YES_AGGRESSIVE;
				CLANG_CXX_LANGUAGE_STANDARD = "gnu++20";
				CLANG_ENABLE_MODULES = YES;
				CLANG_ENABLE_OBJC_ARC = YES;
				CLANG_ENABLE_OBJC_WEAK = YES;
				CLANG_WARN_BLOCK_CAPTURE_AUTORELEASING = YES;
				CLANG_WARN_BOOL_CONVERSION = YES;
				CLANG_WARN_COMMA = YES;
				CLANG_WARN_CONSTANT_CONVERSION = YES;
				CLANG_WARN_DEPRECATED_OBJC_IMPLEMENTATIONS = YES;
				CLANG_WARN_DIRECT_OBJC_ISA_USAGE = YES_ERROR;
				CLANG_WARN_DOCUMENTATION_COMMENTS = YES;
				CLANG_WARN_EMPTY_BODY = YES;
				CLANG_WARN_ENUM_CONVERSION = YES;
				CLANG_WARN_INFINITE_RECURSION = YES;
				CLANG_WARN_INT_CONVERSION = YES;
				CLANG_WARN_NON_LITERAL_NULL_CONVERSION = YES;
				CLANG_WARN_OBJC_IMPLICIT_RETAIN_SELF = YES;
				CLANG_WARN_OBJC_LITERAL_CONVERSION = YES;
				CLANG_WARN_OBJC_ROOT_CLASS = YES_ERROR;
				CLANG_WARN_QUOTED_INCLUDE_IN_FRAMEWORK_HEADER = YES;
				CLANG_WARN_RANGE_LOOP_ANALYSIS = YES;
				CLANG_WARN_STRICT_PROTOTYPES = YES;
				CLANG_WARN_SUSPICIOUS_MOVE = YES;
				CLANG_WARN_UNGUARDED_AVAILABILITY = YES_AGGRESSIVE;
				CLANG_WARN_UNREACHABLE_CODE = YES;
				CLANG_WARN__DUPLICATE_METHOD_MATCH = YES;
				COPY_PHASE_STRIP = NO;
				DEBUG_INFORMATION_FORMAT = dwarf;
				ENABLE_STRICT_OBJC_MSGSEND = YES;
				ENABLE_TESTABILITY = YES;
				ENABLE_USER_SCRIPT_SANDBOXING = YES;
				GCC_C_LANGUAGE_STANDARD = gnu17;
				GCC_DYNAMIC_NO_PIC = NO;
				GCC_NO_COMMON_BLOCKS = YES;
				GCC_OPTIMIZATION_LEVEL = 0;
				GCC_PREPROCESSOR_DEFINITIONS = (
					"DEBUG=1",
					"$(inherited)",
				);
				GCC_WARN_64_TO_32_BIT_CONVERSION = YES;
				GCC_WARN_ABOUT_RETURN_TYPE = YES_ERROR;
				GCC_WARN_UNDECLARED_SELECTOR = YES;
				GCC_WARN_UNINITIALIZED_AUTOS = YES_AGGRESSIVE;
				GCC_WARN_UNUSED_FUNCTION = YES;
				GCC_WARN_UNUSED_VARIABLE = YES;
				LOCALIZATION_PREFERS_STRING_CATALOGS = YES;
				MTL_ENABLE_DEBUG_INFO = INCLUDE_SOURCE;
				MTL_FAST_MATH = YES;
				ONLY_ACTIVE_ARCH = YES;
				SWIFT_ACTIVE_COMPILATION_CONDITIONS = "DEBUG $(inherited)";
				SWIFT_OPTIMIZATION_LEVEL = "-Onone";
			};
			name = Debug;
		};
		154921AC2E3E93020025CFB4 /* Release */ = {
			isa = XCBuildConfiguration;
			buildSettings = {
				ALWAYS_SEARCH_USER_PATHS = NO;
				ASSETCATALOG_COMPILER_GENERATE_SWIFT_ASSET_SYMBOL_EXTENSIONS = YES;
				CLANG_ANALYZER_NONNULL = YES;
				CLANG_ANALYZER_NUMBER_OBJECT_CONVERSION = YES_AGGRESSIVE;
				CLANG_CXX_LANGUAGE_STANDARD = "gnu++20";
				CLANG_ENABLE_MODULES = YES;
				CLANG_ENABLE_OBJC_ARC = YES;
				CLANG_ENABLE_OBJC_WEAK = YES;
				CLANG_WARN_BLOCK_CAPTURE_AUTORELEASING = YES;
				CLANG_WARN_BOOL_CONVERSION = YES;
				CLANG_WARN_COMMA = YES;
				CLANG_WARN_CONSTANT_CONVERSION = YES;
				CLANG_WARN_DEPRECATED_OBJC_IMPLEMENTATIONS = YES;
				CLANG_WARN_DIRECT_OBJC_ISA_USAGE = YES_ERROR;
				CLANG_WARN_DOCUMENTATION_COMMENTS = YES;
				CLANG_WARN_EMPTY_BODY = YES;
				CLANG_WARN_ENUM_CONVERSION = YES;
				CLANG_WARN_INFINITE_RECURSION = YES;
				CLANG_WARN_INT_CONVERSION = YES;
				CLANG_WARN_NON_LITERAL_NULL_CONVERSION = YES;
				CLANG_WARN_OBJC_IMPLICIT_RETAIN_SELF = YES;
				CLANG_WARN_OBJC_LITERAL_CONVERSION = YES;
				CLANG_WARN_OBJC_ROOT_CLASS = YES_ERROR;
				CLANG_WARN_QUOTED_INCLUDE_IN_FRAMEWORK_HEADER = YES;
				CLANG_WARN_RANGE_LOOP_ANALYSIS = YES;
				CLANG_WARN_STRICT_PROTOTYPES = YES;
				CLANG_WARN_SUSPICIOUS_MOVE = YES;
				CLANG_WARN_UNGUARDED_AVAILABILITY = YES_AGGRESSIVE;
				CLANG_WARN_UNREACHABLE_CODE = YES;
				CLANG_WARN__DUPLICATE_METHOD_MATCH = YES;
				COPY_PHASE_STRIP = NO;
				DEBUG_INFORMATION_FORMAT = "dwarf-with-dsym";
				ENABLE_NS_ASSERTIONS = NO;
				ENABLE_STRICT_OBJC_MSGSEND = YES;
				ENABLE_USER_SCRIPT_SANDBOXING = YES;
				GCC_C_LANGUAGE_STANDARD = gnu17;
				GCC_NO_COMMON_BLOCKS = YES;
				GCC_WARN_64_TO_32_BIT_CONVERSION = YES;
				GCC_WARN_ABOUT_RETURN_TYPE = YES_ERROR;
				GCC_WARN_UNDECLARED_SELECTOR = YES;
				GCC_WARN_UNINITIALIZED_AUTOS = YES_AGGRESSIVE;
				GCC_WARN_UNUSED_FUNCTION = YES;
				GCC_WARN_UNUSED_VARIABLE = YES;
				LOCALIZATION_PREFERS_STRING_CATALOGS = YES;
				MTL_ENABLE_DEBUG_INFO = NO;
				MTL_FAST_MATH = YES;
				SWIFT_COMPILATION_MODE = wholemodule;
			};
			name = Release;
		};
		154921AE2E3E93020025CFB4 /* Debug */ = {
			isa = XCBuildConfiguration;
			buildSettings = {
				ASSETCATALOG_COMPILER_APPICON_NAME = AppIcon;
				ASSETCATALOG_COMPILER_GLOBAL_ACCENT_COLOR_NAME = AccentColor;
				ASSETCATALOG_COMPILER_INCLUDE_ALL_APPICON_ASSETS = NO;
				CODE_SIGN_ENTITLEMENTS = EisenhowerMatrixApp/EisenhowerMatrixApp.entitlements;
				CODE_SIGN_STYLE = Automatic;
				CURRENT_PROJECT_VERSION = 1;
				ENABLE_PREVIEWS = YES;
				GENERATE_INFOPLIST_FILE = YES;
				"INFOPLIST_KEY_UIApplicationSceneManifest_Generation[sdk=iphoneos*]" = YES;
				"INFOPLIST_KEY_UIApplicationSceneManifest_Generation[sdk=iphonesimulator*]" = YES;
				"INFOPLIST_KEY_UIApplicationSupportsIndirectInputEvents[sdk=iphoneos*]" = YES;
				"INFOPLIST_KEY_UIApplicationSupportsIndirectInputEvents[sdk=iphonesimulator*]" = YES;
				"INFOPLIST_KEY_UILaunchScreen_Generation[sdk=iphoneos*]" = YES;
				"INFOPLIST_KEY_UILaunchScreen_Generation[sdk=iphonesimulator*]" = YES;
				"INFOPLIST_KEY_UIStatusBarStyle[sdk=iphoneos*]" = UIStatusBarStyleDefault;
				"INFOPLIST_KEY_UIStatusBarStyle[sdk=iphonesimulator*]" = UIStatusBarStyleDefault;
				INFOPLIST_KEY_UISupportedInterfaceOrientations_iPad = "UIInterfaceOrientationPortrait UIInterfaceOrientationPortraitUpsideDown UIInterfaceOrientationLandscapeLeft UIInterfaceOrientationLandscapeRight";
				INFOPLIST_KEY_UISupportedInterfaceOrientations_iPhone = "UIInterfaceOrientationPortrait UIInterfaceOrientationLandscapeLeft UIInterfaceOrientationLandscapeRight";
				IPHONEOS_DEPLOYMENT_TARGET = 18.5;
				LD_RUNPATH_SEARCH_PATHS = "@executable_path/Frameworks";
				"LD_RUNPATH_SEARCH_PATHS[sdk=macosx*]" = "@executable_path/../Frameworks";
				MACOSX_DEPLOYMENT_TARGET = 15.5;
				MARKETING_VERSION = 1.0;
				PRODUCT_BUNDLE_IDENTIFIER = com.gauravaryal.EisenhowerMatrixApp;
				PRODUCT_NAME = "$(TARGET_NAME)";
				REGISTER_APP_GROUPS = YES;
				SDKROOT = auto;
				SUPPORTED_PLATFORMS = "iphoneos iphonesimulator macosx xros xrsimulator";
				SWIFT_EMIT_LOC_STRINGS = YES;
				SWIFT_VERSION = 5.0;
				TARGETED_DEVICE_FAMILY = "1,2,7";
				XROS_DEPLOYMENT_TARGET = 2.5;
			};
			name = Debug;
		};
		154921AF2E3E93020025CFB4 /* Release */ = {
			isa = XCBuildConfiguration;
			buildSettings = {
				ASSETCATALOG_COMPILER_APPICON_NAME = AppIcon;
				ASSETCATALOG_COMPILER_GLOBAL_ACCENT_COLOR_NAME = AccentColor;
				ASSETCATALOG_COMPILER_INCLUDE_ALL_APPICON_ASSETS = NO;
				CODE_SIGN_ENTITLEMENTS = EisenhowerMatrixApp/EisenhowerMatrixApp.entitlements;
				CODE_SIGN_STYLE = Automatic;
				CURRENT_PROJECT_VERSION = 1;
				ENABLE_PREVIEWS = YES;
				GENERATE_INFOPLIST_FILE = YES;
				"INFOPLIST_KEY_UIApplicationSceneManifest_Generation[sdk=iphoneos*]" = YES;
				"INFOPLIST_KEY_UIApplicationSceneManifest_Generation[sdk=iphonesimulator*]" = YES;
				"INFOPLIST_KEY_UIApplicationSupportsIndirectInputEvents[sdk=iphoneos*]" = YES;
				"INFOPLIST_KEY_UIApplicationSupportsIndirectInputEvents[sdk=iphonesimulator*]" = YES;
				"INFOPLIST_KEY_UILaunchScreen_Generation[sdk=iphoneos*]" = YES;
				"INFOPLIST_KEY_UILaunchScreen_Generation[sdk=iphonesimulator*]" = YES;
				"INFOPLIST_KEY_UIStatusBarStyle[sdk=iphoneos*]" = UIStatusBarStyleDefault;
				"INFOPLIST_KEY_UIStatusBarStyle[sdk=iphonesimulator*]" = UIStatusBarStyleDefault;
				INFOPLIST_KEY_UISupportedInterfaceOrientations_iPad = "UIInterfaceOrientationPortrait UIInterfaceOrientationPortraitUpsideDown UIInterfaceOrientationLandscapeLeft UIInterfaceOrientationLandscapeRight";
				INFOPLIST_KEY_UISupportedInterfaceOrientations_iPhone = "UIInterfaceOrientationPortrait UIInterfaceOrientationLandscapeLeft UIInterfaceOrientationLandscapeRight";
				IPHONEOS_DEPLOYMENT_TARGET = 18.5;
				LD_RUNPATH_SEARCH_PATHS = "@executable_path/Frameworks";
				"LD_RUNPATH_SEARCH_PATHS[sdk=macosx*]" = "@executable_path/../Frameworks";
				MACOSX_DEPLOYMENT_TARGET = 15.5;
				MARKETING_VERSION = 1.0;
				PRODUCT_BUNDLE_IDENTIFIER = com.gauravaryal.EisenhowerMatrixApp;
				PRODUCT_NAME = "$(TARGET_NAME)";
				REGISTER_APP_GROUPS = YES;
				SDKROOT = auto;
				SUPPORTED_PLATFORMS = "iphoneos iphonesimulator macosx xros xrsimulator";
				SWIFT_EMIT_LOC_STRINGS = YES;
				SWIFT_VERSION = 5.0;
				TARGETED_DEVICE_FAMILY = "1,2,7";
				XROS_DEPLOYMENT_TARGET = 2.5;
			};
			name = Release;
		};
		154921B12E3E93020025CFB4 /* Debug */ = {
			isa = XCBuildConfiguration;
			buildSettings = {
				BUNDLE_LOADER = "$(TEST_HOST)";
				CODE_SIGN_STYLE = Automatic;
				CURRENT_PROJECT_VERSION = 1;
				GENERATE_INFOPLIST_FILE = YES;
				IPHONEOS_DEPLOYMENT_TARGET = 18.5;
				MACOSX_DEPLOYMENT_TARGET = 15.5;
				MARKETING_VERSION = 1.0;
				PRODUCT_BUNDLE_IDENTIFIER = com.gauravaryal.EisenhowerMatrixAppTests;
				PRODUCT_NAME = "$(TARGET_NAME)";
				SDKROOT = auto;
				SUPPORTED_PLATFORMS = "iphoneos iphonesimulator macosx xros xrsimulator";
				SWIFT_EMIT_LOC_STRINGS = NO;
				SWIFT_VERSION = 5.0;
				TARGETED_DEVICE_FAMILY = "1,2,7";
				TEST_HOST = "$(BUILT_PRODUCTS_DIR)/EisenhowerMatrixApp.app/$(BUNDLE_EXECUTABLE_FOLDER_PATH)/EisenhowerMatrixApp";
				XROS_DEPLOYMENT_TARGET = 2.5;
			};
			name = Debug;
		};
		154921B22E3E93020025CFB4 /* Release */ = {
			isa = XCBuildConfiguration;
			buildSettings = {
				BUNDLE_LOADER = "$(TEST_HOST)";
				CODE_SIGN_STYLE = Automatic;
				CURRENT_PROJECT_VERSION = 1;
				GENERATE_INFOPLIST_FILE = YES;
				IPHONEOS_DEPLOYMENT_TARGET = 18.5;
				MACOSX_DEPLOYMENT_TARGET = 15.5;
				MARKETING_VERSION = 1.0;
				PRODUCT_BUNDLE_IDENTIFIER = com.gauravaryal.EisenhowerMatrixAppTests;
				PRODUCT_NAME = "$(TARGET_NAME)";
				SDKROOT = auto;
				SUPPORTED_PLATFORMS = "iphoneos iphonesimulator macosx xros xrsimulator";
				SWIFT_EMIT_LOC_STRINGS = NO;
				SWIFT_VERSION = 5.0;
				TARGETED_DEVICE_FAMILY = "1,2,7";
				TEST_HOST = "$(BUILT_PRODUCTS_DIR)/EisenhowerMatrixApp.app/$(BUNDLE_EXECUTABLE_FOLDER_PATH)/EisenhowerMatrixApp";
				XROS_DEPLOYMENT_TARGET = 2.5;
			};
			name = Release;
		};
		154921B42E3E93020025CFB4 /* Debug */ = {
			isa = XCBuildConfiguration;
			buildSettings = {
				CODE_SIGN_STYLE = Automatic;
				CURRENT_PROJECT_VERSION = 1;
				GENERATE_INFOPLIST_FILE = YES;
				IPHONEOS_DEPLOYMENT_TARGET = 18.5;
				MACOSX_DEPLOYMENT_TARGET = 15.5;
				MARKETING_VERSION = 1.0;
				PRODUCT_BUNDLE_IDENTIFIER = com.gauravaryal.EisenhowerMatrixAppUITests;
				PRODUCT_NAME = "$(TARGET_NAME)";
				SDKROOT = auto;
				SUPPORTED_PLATFORMS = "iphoneos iphonesimulator macosx xros xrsimulator";
				SWIFT_EMIT_LOC_STRINGS = NO;
				SWIFT_VERSION = 5.0;
				TARGETED_DEVICE_FAMILY = "1,2,7";
				TEST_TARGET_NAME = EisenhowerMatrixApp;
				XROS_DEPLOYMENT_TARGET = 2.5;
			};
			name = Debug;
		};
		154921B52E3E93020025CFB4 /* Release */ = {
			isa = XCBuildConfiguration;
			buildSettings = {
				CODE_SIGN_STYLE = Automatic;
				CURRENT_PROJECT_VERSION = 1;
				GENERATE_INFOPLIST_FILE = YES;
				IPHONEOS_DEPLOYMENT_TARGET = 18.5;
				MACOSX_DEPLOYMENT_TARGET = 15.5;
				MARKETING_VERSION = 1.0;
				PRODUCT_BUNDLE_IDENTIFIER = com.gauravaryal.EisenhowerMatrixAppUITests;
				PRODUCT_NAME = "$(TARGET_NAME)";
				SDKROOT = auto;
				SUPPORTED_PLATFORMS = "iphoneos iphonesimulator macosx xros xrsimulator";
				SWIFT_EMIT_LOC_STRINGS = NO;
				SWIFT_VERSION = 5.0;
				TARGETED_DEVICE_FAMILY = "1,2,7";
				TEST_TARGET_NAME = EisenhowerMatrixApp;
				XROS_DEPLOYMENT_TARGET = 2.5;
			};
			name = Release;
		};
/* End XCBuildConfiguration section */

/* Begin XCConfigurationList section */
		154716592E3F5B5100787151 /* Build configuration list for PBXNativeTarget "EisenhowerMatrixApp_iOS" */ = {
			isa = XCConfigurationList;
			buildConfigurations = (
				1547165A2E3F5B5100787151 /* Debug */,
				1547165B2E3F5B5100787151 /* Release */,
			);
			defaultConfigurationIsVisible = 0;
			defaultConfigurationName = Release;
		};
		1547165C2E3F5B5100787151 /* Build configuration list for PBXNativeTarget "EisenhowerMatrixApp_iOSTests" */ = {
			isa = XCConfigurationList;
			buildConfigurations = (
				1547165D2E3F5B5100787151 /* Debug */,
				1547165E2E3F5B5100787151 /* Release */,
			);
			defaultConfigurationIsVisible = 0;
			defaultConfigurationName = Release;
		};
		1547165F2E3F5B5100787151 /* Build configuration list for PBXNativeTarget "EisenhowerMatrixApp_iOSUITests" */ = {
			isa = XCConfigurationList;
			buildConfigurations = (
				154716602E3F5B5100787151 /* Debug */,
				154716612E3F5B5100787151 /* Release */,
			);
			defaultConfigurationIsVisible = 0;
			defaultConfigurationName = Release;
		};
		154921862E3E93010025CFB4 /* Build configuration list for PBXProject "EisenhowerMatrixApp" */ = {
			isa = XCConfigurationList;
			buildConfigurations = (
				154921AB2E3E93020025CFB4 /* Debug */,
				154921AC2E3E93020025CFB4 /* Release */,
			);
			defaultConfigurationIsVisible = 0;
			defaultConfigurationName = Release;
		};
		154921AD2E3E93020025CFB4 /* Build configuration list for PBXNativeTarget "EisenhowerMatrixApp" */ = {
			isa = XCConfigurationList;
			buildConfigurations = (
				154921AE2E3E93020025CFB4 /* Debug */,
				154921AF2E3E93020025CFB4 /* Release */,
			);
			defaultConfigurationIsVisible = 0;
			defaultConfigurationName = Release;
		};
		154921B02E3E93020025CFB4 /* Build configuration list for PBXNativeTarget "EisenhowerMatrixAppTests" */ = {
			isa = XCConfigurationList;
			buildConfigurations = (
				154921B12E3E93020025CFB4 /* Debug */,
				154921B22E3E93020025CFB4 /* Release */,
			);
			defaultConfigurationIsVisible = 0;
			defaultConfigurationName = Release;
		};
		154921B32E3E93020025CFB4 /* Build configuration list for PBXNativeTarget "EisenhowerMatrixAppUITests" */ = {
			isa = XCConfigurationList;
			buildConfigurations = (
				154921B42E3E93020025CFB4 /* Debug */,
				154921B52E3E93020025CFB4 /* Release */,
			);
			defaultConfigurationIsVisible = 0;
			defaultConfigurationName = Release;
		};
/* End XCConfigurationList section */
	};
	rootObject = 154921832E3E93010025CFB4 /* Project object */;
}
